// !$*UTF8*$!
{
	archiveVersion = 1;
	classes = {
	};
	objectVersion = 50;
	objects = {

/* Begin PBXBuildFile section */
		F71EEE3A24488BAA00A633E1 /* TableInteractor.swift in Sources */ = {isa = PBXBuildFile; fileRef = F71EEE3924488BAA00A633E1 /* TableInteractor.swift */; };
		F71EEE3C24488BB700A633E1 /* TablePresenter.swift in Sources */ = {isa = PBXBuildFile; fileRef = F71EEE3B24488BB700A633E1 /* TablePresenter.swift */; };
		F71EEE3E2448B33000A633E1 /* TableModel.swift in Sources */ = {isa = PBXBuildFile; fileRef = F71EEE3D2448B33000A633E1 /* TableModel.swift */; };
		F72D6BEA238851E500FCA9E0 /* StaticTableScene.swift in Sources */ = {isa = PBXBuildFile; fileRef = F72D6BE9238851E500FCA9E0 /* StaticTableScene.swift */; };
		F776113B237B0C750092997D /* TableScene.swift in Sources */ = {isa = PBXBuildFile; fileRef = F776113A237B0C750092997D /* TableScene.swift */; };
		F776113D237B0F570092997D /* CollectionScene.swift in Sources */ = {isa = PBXBuildFile; fileRef = F776113C237B0F570092997D /* CollectionScene.swift */; };
		F7944E1C237AE6EB0066E9A2 /* CollectionViewDataSource.swift in Sources */ = {isa = PBXBuildFile; fileRef = F7944E1B237AE6EB0066E9A2 /* CollectionViewDataSource.swift */; };
		F7944E1F237AE7100066E9A2 /* CollectionExtension.swift in Sources */ = {isa = PBXBuildFile; fileRef = F7944E1E237AE7100066E9A2 /* CollectionExtension.swift */; };
		F79BD71E2385C01900341288 /* UICollectionViewExtension.swift in Sources */ = {isa = PBXBuildFile; fileRef = F79BD71D2385C01900341288 /* UICollectionViewExtension.swift */; };
		F79BD7202385C03C00341288 /* CollectionModel.swift in Sources */ = {isa = PBXBuildFile; fileRef = F79BD71F2385C03C00341288 /* CollectionModel.swift */; };
		F79BD7222385C05000341288 /* CollectionDisplayLogic.swift in Sources */ = {isa = PBXBuildFile; fileRef = F79BD7212385C05000341288 /* CollectionDisplayLogic.swift */; };
		F79BD7242385C06100341288 /* CollectionPresenterProtocol.swift in Sources */ = {isa = PBXBuildFile; fileRef = F79BD7232385C06100341288 /* CollectionPresenterProtocol.swift */; };
		F79BD7262385C07100341288 /* CollectionSceneProtocol.swift in Sources */ = {isa = PBXBuildFile; fileRef = F79BD7252385C07100341288 /* CollectionSceneProtocol.swift */; };
		F79BD7282385C43200341288 /* UITableViewExtension.swift in Sources */ = {isa = PBXBuildFile; fileRef = F79BD7272385C43200341288 /* UITableViewExtension.swift */; };
		F79BD72A2385C63B00341288 /* Section.swift in Sources */ = {isa = PBXBuildFile; fileRef = F79BD7292385C63B00341288 /* Section.swift */; };
		F79BD72C2385C68C00341288 /* GenericDelegateCollectionViewCell.swift in Sources */ = {isa = PBXBuildFile; fileRef = F79BD72B2385C68C00341288 /* GenericDelegateCollectionViewCell.swift */; };
		F79BD7302385C88600341288 /* GenericCellDelegate.swift in Sources */ = {isa = PBXBuildFile; fileRef = F79BD72F2385C88600341288 /* GenericCellDelegate.swift */; };
		F79BD7322385C8B900341288 /* GenericCellDelegateProtocol.swift in Sources */ = {isa = PBXBuildFile; fileRef = F79BD7312385C8B900341288 /* GenericCellDelegateProtocol.swift */; };
		F7AB0A73237AE646006E6141 /* GenericCollectionViewCell.swift in Sources */ = {isa = PBXBuildFile; fileRef = F7AB0A72237AE646006E6141 /* GenericCollectionViewCell.swift */; };
		F7B15830237AEE1800FB4902 /* GenericCellProtocol.swift in Sources */ = {isa = PBXBuildFile; fileRef = F7B1582F237AEE1800FB4902 /* GenericCellProtocol.swift */; };
		F7B15834237AEEE200FB4902 /* TableViewDataSource.swift in Sources */ = {isa = PBXBuildFile; fileRef = F7B15833237AEEE200FB4902 /* TableViewDataSource.swift */; };
		F7B15836237AEF0000FB4902 /* GenericTableViewCell.swift in Sources */ = {isa = PBXBuildFile; fileRef = F7B15835237AEF0000FB4902 /* GenericTableViewCell.swift */; };
		F7C2528222FF5C04002380BF /* CleanSwift.framework in Frameworks */ = {isa = PBXBuildFile; fileRef = F7C2527822FF5C04002380BF /* CleanSwift.framework */; };
		F7C2528722FF5C04002380BF /* CleanSwiftTests.swift in Sources */ = {isa = PBXBuildFile; fileRef = F7C2528622FF5C04002380BF /* CleanSwiftTests.swift */; };
		F7C2528922FF5C04002380BF /* CleanSwift.h in Headers */ = {isa = PBXBuildFile; fileRef = F7C2527B22FF5C04002380BF /* CleanSwift.h */; settings = {ATTRIBUTES = (Public, ); }; };
		F7C2529622FF5C1B002380BF /* Interactor.swift in Sources */ = {isa = PBXBuildFile; fileRef = F7C2529222FF5C1A002380BF /* Interactor.swift */; };
		F7C2529722FF5C1B002380BF /* Router.swift in Sources */ = {isa = PBXBuildFile; fileRef = F7C2529322FF5C1B002380BF /* Router.swift */; };
		F7C2529822FF5C1B002380BF /* Presenter.swift in Sources */ = {isa = PBXBuildFile; fileRef = F7C2529422FF5C1B002380BF /* Presenter.swift */; };
		F7C2529922FF5C1B002380BF /* Scene.swift in Sources */ = {isa = PBXBuildFile; fileRef = F7C2529522FF5C1B002380BF /* Scene.swift */; };
		F7DA6B1A237AF6C4000287FB /* GenericDelegateTableViewCell.swift in Sources */ = {isa = PBXBuildFile; fileRef = F7DA6B19237AF6C4000287FB /* GenericDelegateTableViewCell.swift */; };
		F7E5B42C2361EE97005FF212 /* ViewModel.swift in Sources */ = {isa = PBXBuildFile; fileRef = F7E5B42B2361EE97005FF212 /* ViewModel.swift */; };
		F7EF85ED2385B7FE003B5450 /* QueueManager.swift in Sources */ = {isa = PBXBuildFile; fileRef = F7EF85EC2385B7FE003B5450 /* QueueManager.swift */; };
/* End PBXBuildFile section */

/* Begin PBXContainerItemProxy section */
		F7C2528322FF5C04002380BF /* PBXContainerItemProxy */ = {
			isa = PBXContainerItemProxy;
			containerPortal = F7C2526F22FF5C04002380BF /* Project object */;
			proxyType = 1;
			remoteGlobalIDString = F7C2527722FF5C04002380BF;
			remoteInfo = CleanSwift;
		};
/* End PBXContainerItemProxy section */

/* Begin PBXFileReference section */
		F71EEE3924488BAA00A633E1 /* TableInteractor.swift */ = {isa = PBXFileReference; lastKnownFileType = sourcecode.swift; path = TableInteractor.swift; sourceTree = "<group>"; };
		F71EEE3B24488BB700A633E1 /* TablePresenter.swift */ = {isa = PBXFileReference; lastKnownFileType = sourcecode.swift; path = TablePresenter.swift; sourceTree = "<group>"; };
		F71EEE3D2448B33000A633E1 /* TableModel.swift */ = {isa = PBXFileReference; lastKnownFileType = sourcecode.swift; path = TableModel.swift; sourceTree = "<group>"; };
		F72D6BE9238851E500FCA9E0 /* StaticTableScene.swift */ = {isa = PBXFileReference; lastKnownFileType = sourcecode.swift; path = StaticTableScene.swift; sourceTree = "<group>"; };
		F776113A237B0C750092997D /* TableScene.swift */ = {isa = PBXFileReference; lastKnownFileType = sourcecode.swift; path = TableScene.swift; sourceTree = "<group>"; };
		F776113C237B0F570092997D /* CollectionScene.swift */ = {isa = PBXFileReference; lastKnownFileType = sourcecode.swift; path = CollectionScene.swift; sourceTree = "<group>"; };
		F7944E1B237AE6EB0066E9A2 /* CollectionViewDataSource.swift */ = {isa = PBXFileReference; lastKnownFileType = sourcecode.swift; path = CollectionViewDataSource.swift; sourceTree = "<group>"; };
		F7944E1E237AE7100066E9A2 /* CollectionExtension.swift */ = {isa = PBXFileReference; lastKnownFileType = sourcecode.swift; path = CollectionExtension.swift; sourceTree = "<group>"; };
		F79BD71D2385C01900341288 /* UICollectionViewExtension.swift */ = {isa = PBXFileReference; lastKnownFileType = sourcecode.swift; path = UICollectionViewExtension.swift; sourceTree = "<group>"; };
		F79BD71F2385C03C00341288 /* CollectionModel.swift */ = {isa = PBXFileReference; lastKnownFileType = sourcecode.swift; path = CollectionModel.swift; sourceTree = "<group>"; };
		F79BD7212385C05000341288 /* CollectionDisplayLogic.swift */ = {isa = PBXFileReference; lastKnownFileType = sourcecode.swift; path = CollectionDisplayLogic.swift; sourceTree = "<group>"; };
		F79BD7232385C06100341288 /* CollectionPresenterProtocol.swift */ = {isa = PBXFileReference; lastKnownFileType = sourcecode.swift; path = CollectionPresenterProtocol.swift; sourceTree = "<group>"; };
		F79BD7252385C07100341288 /* CollectionSceneProtocol.swift */ = {isa = PBXFileReference; lastKnownFileType = sourcecode.swift; path = CollectionSceneProtocol.swift; sourceTree = "<group>"; };
		F79BD7272385C43200341288 /* UITableViewExtension.swift */ = {isa = PBXFileReference; lastKnownFileType = sourcecode.swift; path = UITableViewExtension.swift; sourceTree = "<group>"; };
		F79BD7292385C63B00341288 /* Section.swift */ = {isa = PBXFileReference; lastKnownFileType = sourcecode.swift; path = Section.swift; sourceTree = "<group>"; };
		F79BD72B2385C68C00341288 /* GenericDelegateCollectionViewCell.swift */ = {isa = PBXFileReference; lastKnownFileType = sourcecode.swift; path = GenericDelegateCollectionViewCell.swift; sourceTree = "<group>"; };
		F79BD72F2385C88600341288 /* GenericCellDelegate.swift */ = {isa = PBXFileReference; lastKnownFileType = sourcecode.swift; path = GenericCellDelegate.swift; sourceTree = "<group>"; };
		F79BD7312385C8B900341288 /* GenericCellDelegateProtocol.swift */ = {isa = PBXFileReference; lastKnownFileType = sourcecode.swift; path = GenericCellDelegateProtocol.swift; sourceTree = "<group>"; };
		F7AB0A72237AE646006E6141 /* GenericCollectionViewCell.swift */ = {isa = PBXFileReference; lastKnownFileType = sourcecode.swift; path = GenericCollectionViewCell.swift; sourceTree = "<group>"; };
		F7B1582F237AEE1800FB4902 /* GenericCellProtocol.swift */ = {isa = PBXFileReference; lastKnownFileType = sourcecode.swift; path = GenericCellProtocol.swift; sourceTree = "<group>"; };
		F7B15833237AEEE200FB4902 /* TableViewDataSource.swift */ = {isa = PBXFileReference; lastKnownFileType = sourcecode.swift; path = TableViewDataSource.swift; sourceTree = "<group>"; };
		F7B15835237AEF0000FB4902 /* GenericTableViewCell.swift */ = {isa = PBXFileReference; lastKnownFileType = sourcecode.swift; path = GenericTableViewCell.swift; sourceTree = "<group>"; };
		F7C2527822FF5C04002380BF /* CleanSwift.framework */ = {isa = PBXFileReference; explicitFileType = wrapper.framework; includeInIndex = 0; path = CleanSwift.framework; sourceTree = BUILT_PRODUCTS_DIR; };
		F7C2527B22FF5C04002380BF /* CleanSwift.h */ = {isa = PBXFileReference; lastKnownFileType = sourcecode.c.h; path = CleanSwift.h; sourceTree = "<group>"; };
		F7C2527C22FF5C04002380BF /* Info.plist */ = {isa = PBXFileReference; lastKnownFileType = text.plist.xml; path = Info.plist; sourceTree = "<group>"; };
		F7C2528122FF5C04002380BF /* CleanSwiftTests.xctest */ = {isa = PBXFileReference; explicitFileType = wrapper.cfbundle; includeInIndex = 0; path = CleanSwiftTests.xctest; sourceTree = BUILT_PRODUCTS_DIR; };
		F7C2528622FF5C04002380BF /* CleanSwiftTests.swift */ = {isa = PBXFileReference; lastKnownFileType = sourcecode.swift; path = CleanSwiftTests.swift; sourceTree = "<group>"; };
		F7C2528822FF5C04002380BF /* Info.plist */ = {isa = PBXFileReference; lastKnownFileType = text.plist.xml; path = Info.plist; sourceTree = "<group>"; };
		F7C2529222FF5C1A002380BF /* Interactor.swift */ = {isa = PBXFileReference; fileEncoding = 4; lastKnownFileType = sourcecode.swift; path = Interactor.swift; sourceTree = "<group>"; };
		F7C2529322FF5C1B002380BF /* Router.swift */ = {isa = PBXFileReference; fileEncoding = 4; lastKnownFileType = sourcecode.swift; path = Router.swift; sourceTree = "<group>"; };
		F7C2529422FF5C1B002380BF /* Presenter.swift */ = {isa = PBXFileReference; fileEncoding = 4; lastKnownFileType = sourcecode.swift; path = Presenter.swift; sourceTree = "<group>"; };
		F7C2529522FF5C1B002380BF /* Scene.swift */ = {isa = PBXFileReference; fileEncoding = 4; lastKnownFileType = sourcecode.swift; path = Scene.swift; sourceTree = "<group>"; };
		F7DA6B19237AF6C4000287FB /* GenericDelegateTableViewCell.swift */ = {isa = PBXFileReference; lastKnownFileType = sourcecode.swift; path = GenericDelegateTableViewCell.swift; sourceTree = "<group>"; };
		F7E5B42B2361EE97005FF212 /* ViewModel.swift */ = {isa = PBXFileReference; lastKnownFileType = sourcecode.swift; path = ViewModel.swift; sourceTree = "<group>"; };
		F7EF85EC2385B7FE003B5450 /* QueueManager.swift */ = {isa = PBXFileReference; lastKnownFileType = sourcecode.swift; path = QueueManager.swift; sourceTree = "<group>"; };
/* End PBXFileReference section */

/* Begin PBXFrameworksBuildPhase section */
		F7C2527522FF5C04002380BF /* Frameworks */ = {
			isa = PBXFrameworksBuildPhase;
			buildActionMask = 2147483647;
			files = (
			);
			runOnlyForDeploymentPostprocessing = 0;
		};
		F7C2527E22FF5C04002380BF /* Frameworks */ = {
			isa = PBXFrameworksBuildPhase;
			buildActionMask = 2147483647;
			files = (
				F7C2528222FF5C04002380BF /* CleanSwift.framework in Frameworks */,
			);
			runOnlyForDeploymentPostprocessing = 0;
		};
/* End PBXFrameworksBuildPhase section */

/* Begin PBXGroup section */
		F71EEE3F2448B34500A633E1 /* TableScene */ = {
			isa = PBXGroup;
			children = (
				F776113A237B0C750092997D /* TableScene.swift */,
				F71EEE3B24488BB700A633E1 /* TablePresenter.swift */,
				F71EEE3D2448B33000A633E1 /* TableModel.swift */,
				F71EEE3924488BAA00A633E1 /* TableInteractor.swift */,
			);
			path = TableScene;
			sourceTree = "<group>";
		};
		F72D6BE8238851D100FCA9E0 /* StaticTableScene */ = {
			isa = PBXGroup;
			children = (
				F72D6BE9238851E500FCA9E0 /* StaticTableScene.swift */,
			);
			path = StaticTableScene;
			sourceTree = "<group>";
		};
		F7944E1D237AE6FF0066E9A2 /* Extensions */ = {
			isa = PBXGroup;
			children = (
				F7944E1E237AE7100066E9A2 /* CollectionExtension.swift */,
				F79BD71D2385C01900341288 /* UICollectionViewExtension.swift */,
				F79BD7272385C43200341288 /* UITableViewExtension.swift */,
			);
			path = Extensions;
			sourceTree = "<group>";
		};
		F79BD7332385C8D700341288 /* GenericCell */ = {
			isa = PBXGroup;
			children = (
				F7B1582F237AEE1800FB4902 /* GenericCellProtocol.swift */,
				F79BD72F2385C88600341288 /* GenericCellDelegate.swift */,
				F79BD7312385C8B900341288 /* GenericCellDelegateProtocol.swift */,
			);
			path = GenericCell;
			sourceTree = "<group>";
		};
		F7AB0A71237AE636006E6141 /* Collection */ = {
			isa = PBXGroup;
			children = (
				F79BD7212385C05000341288 /* CollectionDisplayLogic.swift */,
				F79BD71F2385C03C00341288 /* CollectionModel.swift */,
				F79BD7232385C06100341288 /* CollectionPresenterProtocol.swift */,
				F79BD7252385C07100341288 /* CollectionSceneProtocol.swift */,
				F79BD7292385C63B00341288 /* Section.swift */,
				F79BD7332385C8D700341288 /* GenericCell */,
				F7B15831237AEEB300FB4902 /* CollectionView */,
				F7B15832237AEEC100FB4902 /* TableView */,
			);
			path = Collection;
			sourceTree = "<group>";
		};
		F7B15831237AEEB300FB4902 /* CollectionView */ = {
			isa = PBXGroup;
			children = (
				F776113C237B0F570092997D /* CollectionScene.swift */,
				F7944E1B237AE6EB0066E9A2 /* CollectionViewDataSource.swift */,
				F7AB0A72237AE646006E6141 /* GenericCollectionViewCell.swift */,
				F79BD72B2385C68C00341288 /* GenericDelegateCollectionViewCell.swift */,
			);
			path = CollectionView;
			sourceTree = "<group>";
		};
		F7B15832237AEEC100FB4902 /* TableView */ = {
			isa = PBXGroup;
			children = (
				F72D6BE8238851D100FCA9E0 /* StaticTableScene */,
				F71EEE3F2448B34500A633E1 /* TableScene */,
				F7DA6B19237AF6C4000287FB /* GenericDelegateTableViewCell.swift */,
				F7B15835237AEF0000FB4902 /* GenericTableViewCell.swift */,
				F7B15833237AEEE200FB4902 /* TableViewDataSource.swift */,
			);
			path = TableView;
			sourceTree = "<group>";
		};
		F7C2526E22FF5C04002380BF = {
			isa = PBXGroup;
			children = (
				F7C2527A22FF5C04002380BF /* Sources */,
				F7C2528522FF5C04002380BF /* CleanSwiftTests */,
				F7C2527922FF5C04002380BF /* Products */,
			);
			sourceTree = "<group>";
		};
		F7C2527922FF5C04002380BF /* Products */ = {
			isa = PBXGroup;
			children = (
				F7C2527822FF5C04002380BF /* CleanSwift.framework */,
				F7C2528122FF5C04002380BF /* CleanSwiftTests.xctest */,
			);
			name = Products;
			sourceTree = "<group>";
		};
		F7C2527A22FF5C04002380BF /* Sources */ = {
			isa = PBXGroup;
			children = (
				F7EF85EB2385B7EA003B5450 /* Mechanisms */,
				F7944E1D237AE6FF0066E9A2 /* Extensions */,
				F7AB0A71237AE636006E6141 /* Collection */,
				F7C2529A22FF5D10002380BF /* Base */,
				F7C2527B22FF5C04002380BF /* CleanSwift.h */,
				F7C2527C22FF5C04002380BF /* Info.plist */,
			);
			path = Sources;
			sourceTree = "<group>";
		};
		F7C2528522FF5C04002380BF /* CleanSwiftTests */ = {
			isa = PBXGroup;
			children = (
				F7C2528622FF5C04002380BF /* CleanSwiftTests.swift */,
				F7C2528822FF5C04002380BF /* Info.plist */,
			);
			path = CleanSwiftTests;
			sourceTree = "<group>";
		};
		F7C2529A22FF5D10002380BF /* Base */ = {
			isa = PBXGroup;
			children = (
				F7C2529222FF5C1A002380BF /* Interactor.swift */,
				F7C2529422FF5C1B002380BF /* Presenter.swift */,
				F7E5B42B2361EE97005FF212 /* ViewModel.swift */,
				F7C2529322FF5C1B002380BF /* Router.swift */,
				F7C2529522FF5C1B002380BF /* Scene.swift */,
			);
			path = Base;
			sourceTree = "<group>";
		};
		F7EF85EB2385B7EA003B5450 /* Mechanisms */ = {
			isa = PBXGroup;
			children = (
				F7EF85EC2385B7FE003B5450 /* QueueManager.swift */,
			);
			path = Mechanisms;
			sourceTree = "<group>";
		};
/* End PBXGroup section */

/* Begin PBXHeadersBuildPhase section */
		F7C2527322FF5C04002380BF /* Headers */ = {
			isa = PBXHeadersBuildPhase;
			buildActionMask = 2147483647;
			files = (
				F7C2528922FF5C04002380BF /* CleanSwift.h in Headers */,
			);
			runOnlyForDeploymentPostprocessing = 0;
		};
/* End PBXHeadersBuildPhase section */

/* Begin PBXNativeTarget section */
		F7C2527722FF5C04002380BF /* CleanSwift */ = {
			isa = PBXNativeTarget;
			buildConfigurationList = F7C2528C22FF5C04002380BF /* Build configuration list for PBXNativeTarget "CleanSwift" */;
			buildPhases = (
				F7C2527322FF5C04002380BF /* Headers */,
				F7C2527422FF5C04002380BF /* Sources */,
				F7C2527522FF5C04002380BF /* Frameworks */,
				F7C2527622FF5C04002380BF /* Resources */,
				F7D1276322FF84880068CE64 /* Static Analysis */,
			);
			buildRules = (
			);
			dependencies = (
			);
			name = CleanSwift;
			productName = CleanSwift;
			productReference = F7C2527822FF5C04002380BF /* CleanSwift.framework */;
			productType = "com.apple.product-type.framework";
		};
		F7C2528022FF5C04002380BF /* CleanSwiftTests */ = {
			isa = PBXNativeTarget;
			buildConfigurationList = F7C2528F22FF5C04002380BF /* Build configuration list for PBXNativeTarget "CleanSwiftTests" */;
			buildPhases = (
				F7C2527D22FF5C04002380BF /* Sources */,
				F7C2527E22FF5C04002380BF /* Frameworks */,
				F7C2527F22FF5C04002380BF /* Resources */,
			);
			buildRules = (
			);
			dependencies = (
				F7C2528422FF5C04002380BF /* PBXTargetDependency */,
			);
			name = CleanSwiftTests;
			productName = CleanSwiftTests;
			productReference = F7C2528122FF5C04002380BF /* CleanSwiftTests.xctest */;
			productType = "com.apple.product-type.bundle.unit-test";
		};
/* End PBXNativeTarget section */

/* Begin PBXProject section */
		F7C2526F22FF5C04002380BF /* Project object */ = {
			isa = PBXProject;
			attributes = {
				LastSwiftUpdateCheck = 1030;
				LastUpgradeCheck = 1030;
				ORGANIZATIONNAME = Undercaffeine;
				TargetAttributes = {
					F7C2527722FF5C04002380BF = {
						CreatedOnToolsVersion = 10.3;
						LastSwiftMigration = 1030;
					};
					F7C2528022FF5C04002380BF = {
						CreatedOnToolsVersion = 10.3;
					};
				};
			};
			buildConfigurationList = F7C2527222FF5C04002380BF /* Build configuration list for PBXProject "CleanSwift" */;
			compatibilityVersion = "Xcode 9.3";
			developmentRegion = en;
			hasScannedForEncodings = 0;
			knownRegions = (
				en,
			);
			mainGroup = F7C2526E22FF5C04002380BF;
			productRefGroup = F7C2527922FF5C04002380BF /* Products */;
			projectDirPath = "";
			projectRoot = "";
			targets = (
				F7C2527722FF5C04002380BF /* CleanSwift */,
				F7C2528022FF5C04002380BF /* CleanSwiftTests */,
			);
		};
/* End PBXProject section */

/* Begin PBXResourcesBuildPhase section */
		F7C2527622FF5C04002380BF /* Resources */ = {
			isa = PBXResourcesBuildPhase;
			buildActionMask = 2147483647;
			files = (
			);
			runOnlyForDeploymentPostprocessing = 0;
		};
		F7C2527F22FF5C04002380BF /* Resources */ = {
			isa = PBXResourcesBuildPhase;
			buildActionMask = 2147483647;
			files = (
			);
			runOnlyForDeploymentPostprocessing = 0;
		};
/* End PBXResourcesBuildPhase section */

/* Begin PBXShellScriptBuildPhase section */
		F7D1276322FF84880068CE64 /* Static Analysis */ = {
			isa = PBXShellScriptBuildPhase;
			buildActionMask = 2147483647;
			files = (
			);
			inputFileListPaths = (
			);
			inputPaths = (
			);
			name = "Static Analysis";
			outputFileListPaths = (
			);
			outputPaths = (
			);
			runOnlyForDeploymentPostprocessing = 0;
			shellPath = /bin/sh;
			shellScript = "if which swiftlint >/dev/null; then\n    swiftlint\nelse\n    echo \"error: SwiftLint not installed, download from https://github.com/realm/SwiftLint\"\n    exit 1\nfi\n";
		};
/* End PBXShellScriptBuildPhase section */

/* Begin PBXSourcesBuildPhase section */
		F7C2527422FF5C04002380BF /* Sources */ = {
			isa = PBXSourcesBuildPhase;
			buildActionMask = 2147483647;
			files = (
				F71EEE3E2448B33000A633E1 /* TableModel.swift in Sources */,
				F7EF85ED2385B7FE003B5450 /* QueueManager.swift in Sources */,
				F7AB0A73237AE646006E6141 /* GenericCollectionViewCell.swift in Sources */,
				F7E5B42C2361EE97005FF212 /* ViewModel.swift in Sources */,
				F776113B237B0C750092997D /* TableScene.swift in Sources */,
				F79BD7322385C8B900341288 /* GenericCellDelegateProtocol.swift in Sources */,
				F7C2529922FF5C1B002380BF /* Scene.swift in Sources */,
				F7C2529822FF5C1B002380BF /* Presenter.swift in Sources */,
				F72D6BEA238851E500FCA9E0 /* StaticTableScene.swift in Sources */,
				F79BD7282385C43200341288 /* UITableViewExtension.swift in Sources */,
				F79BD7242385C06100341288 /* CollectionPresenterProtocol.swift in Sources */,
				F7DA6B1A237AF6C4000287FB /* GenericDelegateTableViewCell.swift in Sources */,
				F71EEE3C24488BB700A633E1 /* TablePresenter.swift in Sources */,
				F79BD7262385C07100341288 /* CollectionSceneProtocol.swift in Sources */,
				F79BD7302385C88600341288 /* GenericCellDelegate.swift in Sources */,
				F7C2529722FF5C1B002380BF /* Router.swift in Sources */,
				F7944E1F237AE7100066E9A2 /* CollectionExtension.swift in Sources */,
				F79BD7222385C05000341288 /* CollectionDisplayLogic.swift in Sources */,
				F71EEE3A24488BAA00A633E1 /* TableInteractor.swift in Sources */,
				F776113D237B0F570092997D /* CollectionScene.swift in Sources */,
				F7B15836237AEF0000FB4902 /* GenericTableViewCell.swift in Sources */,
				F79BD72C2385C68C00341288 /* GenericDelegateCollectionViewCell.swift in Sources */,
				F79BD72A2385C63B00341288 /* Section.swift in Sources */,
				F7B15834237AEEE200FB4902 /* TableViewDataSource.swift in Sources */,
				F79BD71E2385C01900341288 /* UICollectionViewExtension.swift in Sources */,
				F7C2529622FF5C1B002380BF /* Interactor.swift in Sources */,
				F7B15830237AEE1800FB4902 /* GenericCellProtocol.swift in Sources */,
				F7944E1C237AE6EB0066E9A2 /* CollectionViewDataSource.swift in Sources */,
				F79BD7202385C03C00341288 /* CollectionModel.swift in Sources */,
			);
			runOnlyForDeploymentPostprocessing = 0;
		};
		F7C2527D22FF5C04002380BF /* Sources */ = {
			isa = PBXSourcesBuildPhase;
			buildActionMask = 2147483647;
			files = (
				F7C2528722FF5C04002380BF /* CleanSwiftTests.swift in Sources */,
			);
			runOnlyForDeploymentPostprocessing = 0;
		};
/* End PBXSourcesBuildPhase section */

/* Begin PBXTargetDependency section */
		F7C2528422FF5C04002380BF /* PBXTargetDependency */ = {
			isa = PBXTargetDependency;
			target = F7C2527722FF5C04002380BF /* CleanSwift */;
			targetProxy = F7C2528322FF5C04002380BF /* PBXContainerItemProxy */;
		};
/* End PBXTargetDependency section */

/* Begin XCBuildConfiguration section */
		F7C2528A22FF5C04002380BF /* Debug */ = {
			isa = XCBuildConfiguration;
			buildSettings = {
				ALWAYS_SEARCH_USER_PATHS = NO;
				CLANG_ANALYZER_NONNULL = YES;
				CLANG_ANALYZER_NUMBER_OBJECT_CONVERSION = YES_AGGRESSIVE;
				CLANG_CXX_LANGUAGE_STANDARD = "gnu++14";
				CLANG_CXX_LIBRARY = "libc++";
				CLANG_ENABLE_MODULES = YES;
				CLANG_ENABLE_OBJC_ARC = YES;
				CLANG_ENABLE_OBJC_WEAK = YES;
				CLANG_WARN_BLOCK_CAPTURE_AUTORELEASING = YES;
				CLANG_WARN_BOOL_CONVERSION = YES;
				CLANG_WARN_COMMA = YES;
				CLANG_WARN_CONSTANT_CONVERSION = YES;
				CLANG_WARN_DEPRECATED_OBJC_IMPLEMENTATIONS = YES;
				CLANG_WARN_DIRECT_OBJC_ISA_USAGE = YES_ERROR;
				CLANG_WARN_DOCUMENTATION_COMMENTS = YES;
				CLANG_WARN_EMPTY_BODY = YES;
				CLANG_WARN_ENUM_CONVERSION = YES;
				CLANG_WARN_INFINITE_RECURSION = YES;
				CLANG_WARN_INT_CONVERSION = YES;
				CLANG_WARN_NON_LITERAL_NULL_CONVERSION = YES;
				CLANG_WARN_OBJC_IMPLICIT_RETAIN_SELF = YES;
				CLANG_WARN_OBJC_LITERAL_CONVERSION = YES;
				CLANG_WARN_OBJC_ROOT_CLASS = YES_ERROR;
				CLANG_WARN_RANGE_LOOP_ANALYSIS = YES;
				CLANG_WARN_STRICT_PROTOTYPES = YES;
				CLANG_WARN_SUSPICIOUS_MOVE = YES;
				CLANG_WARN_UNGUARDED_AVAILABILITY = YES_AGGRESSIVE;
				CLANG_WARN_UNREACHABLE_CODE = YES;
				CLANG_WARN__DUPLICATE_METHOD_MATCH = YES;
				CODE_SIGN_IDENTITY = "iPhone Developer";
				COPY_PHASE_STRIP = NO;
				CURRENT_PROJECT_VERSION = 1;
				DEBUG_INFORMATION_FORMAT = dwarf;
				ENABLE_STRICT_OBJC_MSGSEND = YES;
				ENABLE_TESTABILITY = YES;
				GCC_C_LANGUAGE_STANDARD = gnu11;
				GCC_DYNAMIC_NO_PIC = NO;
				GCC_NO_COMMON_BLOCKS = YES;
				GCC_OPTIMIZATION_LEVEL = 0;
				GCC_PREPROCESSOR_DEFINITIONS = (
					"DEBUG=1",
					"$(inherited)",
				);
				GCC_WARN_64_TO_32_BIT_CONVERSION = YES;
				GCC_WARN_ABOUT_RETURN_TYPE = YES_ERROR;
				GCC_WARN_UNDECLARED_SELECTOR = YES;
				GCC_WARN_UNINITIALIZED_AUTOS = YES_AGGRESSIVE;
				GCC_WARN_UNUSED_FUNCTION = YES;
				GCC_WARN_UNUSED_VARIABLE = YES;
				IPHONEOS_DEPLOYMENT_TARGET = 8.0;
				MTL_ENABLE_DEBUG_INFO = INCLUDE_SOURCE;
				MTL_FAST_MATH = YES;
				ONLY_ACTIVE_ARCH = YES;
				SDKROOT = iphoneos;
				SWIFT_ACTIVE_COMPILATION_CONDITIONS = DEBUG;
				SWIFT_OPTIMIZATION_LEVEL = "-Onone";
				VERSIONING_SYSTEM = "apple-generic";
				VERSION_INFO_PREFIX = "";
			};
			name = Debug;
		};
		F7C2528B22FF5C04002380BF /* Release */ = {
			isa = XCBuildConfiguration;
			buildSettings = {
				ALWAYS_SEARCH_USER_PATHS = NO;
				CLANG_ANALYZER_NONNULL = YES;
				CLANG_ANALYZER_NUMBER_OBJECT_CONVERSION = YES_AGGRESSIVE;
				CLANG_CXX_LANGUAGE_STANDARD = "gnu++14";
				CLANG_CXX_LIBRARY = "libc++";
				CLANG_ENABLE_MODULES = YES;
				CLANG_ENABLE_OBJC_ARC = YES;
				CLANG_ENABLE_OBJC_WEAK = YES;
				CLANG_WARN_BLOCK_CAPTURE_AUTORELEASING = YES;
				CLANG_WARN_BOOL_CONVERSION = YES;
				CLANG_WARN_COMMA = YES;
				CLANG_WARN_CONSTANT_CONVERSION = YES;
				CLANG_WARN_DEPRECATED_OBJC_IMPLEMENTATIONS = YES;
				CLANG_WARN_DIRECT_OBJC_ISA_USAGE = YES_ERROR;
				CLANG_WARN_DOCUMENTATION_COMMENTS = YES;
				CLANG_WARN_EMPTY_BODY = YES;
				CLANG_WARN_ENUM_CONVERSION = YES;
				CLANG_WARN_INFINITE_RECURSION = YES;
				CLANG_WARN_INT_CONVERSION = YES;
				CLANG_WARN_NON_LITERAL_NULL_CONVERSION = YES;
				CLANG_WARN_OBJC_IMPLICIT_RETAIN_SELF = YES;
				CLANG_WARN_OBJC_LITERAL_CONVERSION = YES;
				CLANG_WARN_OBJC_ROOT_CLASS = YES_ERROR;
				CLANG_WARN_RANGE_LOOP_ANALYSIS = YES;
				CLANG_WARN_STRICT_PROTOTYPES = YES;
				CLANG_WARN_SUSPICIOUS_MOVE = YES;
				CLANG_WARN_UNGUARDED_AVAILABILITY = YES_AGGRESSIVE;
				CLANG_WARN_UNREACHABLE_CODE = YES;
				CLANG_WARN__DUPLICATE_METHOD_MATCH = YES;
				CODE_SIGN_IDENTITY = "iPhone Developer";
				COPY_PHASE_STRIP = NO;
				CURRENT_PROJECT_VERSION = 1;
				DEBUG_INFORMATION_FORMAT = "dwarf-with-dsym";
				ENABLE_NS_ASSERTIONS = NO;
				ENABLE_STRICT_OBJC_MSGSEND = YES;
				GCC_C_LANGUAGE_STANDARD = gnu11;
				GCC_NO_COMMON_BLOCKS = YES;
				GCC_WARN_64_TO_32_BIT_CONVERSION = YES;
				GCC_WARN_ABOUT_RETURN_TYPE = YES_ERROR;
				GCC_WARN_UNDECLARED_SELECTOR = YES;
				GCC_WARN_UNINITIALIZED_AUTOS = YES_AGGRESSIVE;
				GCC_WARN_UNUSED_FUNCTION = YES;
				GCC_WARN_UNUSED_VARIABLE = YES;
				IPHONEOS_DEPLOYMENT_TARGET = 8.0;
				MTL_ENABLE_DEBUG_INFO = NO;
				MTL_FAST_MATH = YES;
				SDKROOT = iphoneos;
				SWIFT_COMPILATION_MODE = wholemodule;
				SWIFT_OPTIMIZATION_LEVEL = "-O";
				VALIDATE_PRODUCT = YES;
				VERSIONING_SYSTEM = "apple-generic";
				VERSION_INFO_PREFIX = "";
			};
			name = Release;
		};
		F7C2528D22FF5C04002380BF /* Debug */ = {
			isa = XCBuildConfiguration;
			buildSettings = {
				CLANG_ENABLE_MODULES = YES;
				CODE_SIGN_IDENTITY = "";
				CODE_SIGN_STYLE = Automatic;
				DEFINES_MODULE = YES;
				DYLIB_COMPATIBILITY_VERSION = 1;
				DYLIB_CURRENT_VERSION = 1;
				DYLIB_INSTALL_NAME_BASE = "@rpath";
				INFOPLIST_FILE = "$(SRCROOT)/Sources/Info.plist";
				INSTALL_PATH = "$(LOCAL_LIBRARY_DIR)/Frameworks";
				IPHONEOS_DEPLOYMENT_TARGET = 9.0;
				LD_RUNPATH_SEARCH_PATHS = (
					"$(inherited)",
					"@executable_path/Frameworks",
					"@loader_path/Frameworks",
				);
				PRODUCT_BUNDLE_IDENTIFIER = com.undercaffeine.CleanSwift;
				PRODUCT_NAME = "$(TARGET_NAME:c99extidentifier)";
				SKIP_INSTALL = YES;
				SWIFT_OPTIMIZATION_LEVEL = "-Onone";
				SWIFT_VERSION = 5.0;
				TARGETED_DEVICE_FAMILY = "1,2";
			};
			name = Debug;
		};
		F7C2528E22FF5C04002380BF /* Release */ = {
			isa = XCBuildConfiguration;
			buildSettings = {
				CLANG_ENABLE_MODULES = YES;
				CODE_SIGN_IDENTITY = "";
				CODE_SIGN_STYLE = Automatic;
				DEFINES_MODULE = YES;
				DYLIB_COMPATIBILITY_VERSION = 1;
				DYLIB_CURRENT_VERSION = 1;
				DYLIB_INSTALL_NAME_BASE = "@rpath";
				INFOPLIST_FILE = "$(SRCROOT)/Sources/Info.plist";
				INSTALL_PATH = "$(LOCAL_LIBRARY_DIR)/Frameworks";
				IPHONEOS_DEPLOYMENT_TARGET = 9.0;
				LD_RUNPATH_SEARCH_PATHS = (
					"$(inherited)",
					"@executable_path/Frameworks",
					"@loader_path/Frameworks",
				);
				PRODUCT_BUNDLE_IDENTIFIER = com.undercaffeine.CleanSwift;
				PRODUCT_NAME = "$(TARGET_NAME:c99extidentifier)";
				SKIP_INSTALL = YES;
				SWIFT_VERSION = 5.0;
				TARGETED_DEVICE_FAMILY = "1,2";
			};
			name = Release;
		};
		F7C2529022FF5C04002380BF /* Debug */ = {
			isa = XCBuildConfiguration;
			buildSettings = {
				ALWAYS_EMBED_SWIFT_STANDARD_LIBRARIES = YES;
				CODE_SIGN_STYLE = Automatic;
				INFOPLIST_FILE = CleanSwiftTests/Info.plist;
				LD_RUNPATH_SEARCH_PATHS = (
					"$(inherited)",
					"@executable_path/Frameworks",
					"@loader_path/Frameworks",
				);
				PRODUCT_BUNDLE_IDENTIFIER = com.undercaffeine.CleanSwiftTests;
				PRODUCT_NAME = "$(TARGET_NAME)";
				SWIFT_VERSION = 5.0;
				TARGETED_DEVICE_FAMILY = "1,2";
			};
			name = Debug;
		};
		F7C2529122FF5C04002380BF /* Release */ = {
			isa = XCBuildConfiguration;
			buildSettings = {
				ALWAYS_EMBED_SWIFT_STANDARD_LIBRARIES = YES;
				CODE_SIGN_STYLE = Automatic;
				INFOPLIST_FILE = CleanSwiftTests/Info.plist;
				LD_RUNPATH_SEARCH_PATHS = (
					"$(inherited)",
					"@executable_path/Frameworks",
					"@loader_path/Frameworks",
				);
				PRODUCT_BUNDLE_IDENTIFIER = com.undercaffeine.CleanSwiftTests;
				PRODUCT_NAME = "$(TARGET_NAME)";
				SWIFT_VERSION = 5.0;
				TARGETED_DEVICE_FAMILY = "1,2";
			};
			name = Release;
		};
/* End XCBuildConfiguration section */

/* Begin XCConfigurationList section */
		F7C2527222FF5C04002380BF /* Build configuration list for PBXProject "CleanSwift" */ = {
			isa = XCConfigurationList;
			buildConfigurations = (
				F7C2528A22FF5C04002380BF /* Debug */,
				F7C2528B22FF5C04002380BF /* Release */,
			);
			defaultConfigurationIsVisible = 0;
			defaultConfigurationName = Release;
		};
		F7C2528C22FF5C04002380BF /* Build configuration list for PBXNativeTarget "CleanSwift" */ = {
			isa = XCConfigurationList;
			buildConfigurations = (
				F7C2528D22FF5C04002380BF /* Debug */,
				F7C2528E22FF5C04002380BF /* Release */,
			);
			defaultConfigurationIsVisible = 0;
			defaultConfigurationName = Release;
		};
		F7C2528F22FF5C04002380BF /* Build configuration list for PBXNativeTarget "CleanSwiftTests" */ = {
			isa = XCConfigurationList;
			buildConfigurations = (
				F7C2529022FF5C04002380BF /* Debug */,
				F7C2529122FF5C04002380BF /* Release */,
			);
			defaultConfigurationIsVisible = 0;
			defaultConfigurationName = Release;
		};
/* End XCConfigurationList section */
	};
	rootObject = F7C2526F22FF5C04002380BF /* Project object */;
}
